
Microsoft Visual Studio Solution File, Format Version 12.00
# Visual Studio Version 16
VisualStudioVersion = 16.0.31624.102
MinimumVisualStudioVersion = 10.0.40219.1
Project("{FAE04EC0-301F-11D3-BF4B-00C04F79EFBC}") = "WebApi-MigracionRD", "WebApi-MigracionRD\WebApi-MigracionRD.csproj", "{934639EC-D03C-4712-8D91-43B1CF7B7593}"
EndProject
Global
	GlobalSection(SolutionConfigurationPlatforms) = preSolution
		Debug|Any CPU = Debug|Any CPU
		Release|Any CPU = Release|Any CPU
	EndGlobalSection
	GlobalSection(ProjectConfigurationPlatforms) = postSolution
		{934639EC-D03C-4712-8D91-43B1CF7B7593}.Debug|Any CPU.ActiveCfg = Debug|Any CPU
		{934639EC-D03C-4712-8D91-43B1CF7B7593}.Debug|Any CPU.Build.0 = Debug|Any CPU
		{934639EC-D03C-4712-8D91-43B1CF7B7593}.Release|Any CPU.ActiveCfg = Release|Any CPU
		{934639EC-D03C-4712-8D91-43B1CF7B7593}.Release|Any CPU.Build.0 = Release|Any CPU
	EndGlobalSection
	GlobalSection(SolutionProperties) = preSolution
		HideSolutionNode = FALSE
	EndGlobalSection
	GlobalSection(ExtensibilityGlobals) = postSolution
		SolutionGuid = {52D715DB-6F5D-4BA8-966C-ED59E2BFA59B}
	EndGlobalSection
EndGlobal
